
Microsoft Visual Studio Solution File, Format Version 12.00
# Visual Studio Version 17
VisualStudioVersion = 17.12.35527.113
MinimumVisualStudioVersion = 10.0.40219.1
Project("{FAE04EC0-301F-11D3-BF4B-00C04F79EFBC}") = "Temp.API", "Temp.API\Temp.API.csproj", "{31C078CA-AABD-4A27-90BA-9E770C8FD2D6}"
EndProject
Project("{FAE04EC0-301F-11D3-BF4B-00C04F79EFBC}") = "Temp.Application", "Temp.Application\Temp.Application.csproj", "{DF74E761-0E32-4BD1-9F35-1F1855CF0615}"
EndProject
Project("{FAE04EC0-301F-11D3-BF4B-00C04F79EFBC}") = "Temp.Domain", "Temp.Domain\Temp.Domain.csproj", "{D356FE29-C071-4E98-A875-0CD019DAC36A}"
EndProject
Project("{FAE04EC0-301F-11D3-BF4B-00C04F79EFBC}") = "Temp.EFCore", "Temp.EFCore\Temp.EFCore.csproj", "{9E3EC151-F113-4793-8BC7-25BD247A956C}"
EndProject
Project("{FAE04EC0-301F-11D3-BF4B-00C04F79EFBC}") = "Temp.Infrastructure", "Temp.Infrastructure\Temp.Infrastructure.csproj", "{7CDF4AFD-BB86-4FD1-A244-71D77EAEC9FD}"
EndProject
Global
	GlobalSection(SolutionConfigurationPlatforms) = preSolution
		Debug|Any CPU = Debug|Any CPU
		Release|Any CPU = Release|Any CPU
	EndGlobalSection
	GlobalSection(ProjectConfigurationPlatforms) = postSolution
		{31C078CA-AABD-4A27-90BA-9E770C8FD2D6}.Debug|Any CPU.ActiveCfg = Debug|Any CPU
		{31C078CA-AABD-4A27-90BA-9E770C8FD2D6}.Debug|Any CPU.Build.0 = Debug|Any CPU
		{31C078CA-AABD-4A27-90BA-9E770C8FD2D6}.Release|Any CPU.ActiveCfg = Release|Any CPU
		{31C078CA-AABD-4A27-90BA-9E770C8FD2D6}.Release|Any CPU.Build.0 = Release|Any CPU
		{DF74E761-0E32-4BD1-9F35-1F1855CF0615}.Debug|Any CPU.ActiveCfg = Debug|Any CPU
		{DF74E761-0E32-4BD1-9F35-1F1855CF0615}.Debug|Any CPU.Build.0 = Debug|Any CPU
		{DF74E761-0E32-4BD1-9F35-1F1855CF0615}.Release|Any CPU.ActiveCfg = Release|Any CPU
		{DF74E761-0E32-4BD1-9F35-1F1855CF0615}.Release|Any CPU.Build.0 = Release|Any CPU
		{D356FE29-C071-4E98-A875-0CD019DAC36A}.Debug|Any CPU.ActiveCfg = Debug|Any CPU
		{D356FE29-C071-4E98-A875-0CD019DAC36A}.Debug|Any CPU.Build.0 = Debug|Any CPU
		{D356FE29-C071-4E98-A875-0CD019DAC36A}.Release|Any CPU.ActiveCfg = Release|Any CPU
		{D356FE29-C071-4E98-A875-0CD019DAC36A}.Release|Any CPU.Build.0 = Release|Any CPU
		{9E3EC151-F113-4793-8BC7-25BD247A956C}.Debug|Any CPU.ActiveCfg = Debug|Any CPU
		{9E3EC151-F113-4793-8BC7-25BD247A956C}.Debug|Any CPU.Build.0 = Debug|Any CPU
		{9E3EC151-F113-4793-8BC7-25BD247A956C}.Release|Any CPU.ActiveCfg = Release|Any CPU
		{9E3EC151-F113-4793-8BC7-25BD247A956C}.Release|Any CPU.Build.0 = Release|Any CPU
		{7CDF4AFD-BB86-4FD1-A244-71D77EAEC9FD}.Debug|Any CPU.ActiveCfg = Debug|Any CPU
		{7CDF4AFD-BB86-4FD1-A244-71D77EAEC9FD}.Debug|Any CPU.Build.0 = Debug|Any CPU
		{7CDF4AFD-BB86-4FD1-A244-71D77EAEC9FD}.Release|Any CPU.ActiveCfg = Release|Any CPU
		{7CDF4AFD-BB86-4FD1-A244-71D77EAEC9FD}.Release|Any CPU.Build.0 = Release|Any CPU
	EndGlobalSection
	GlobalSection(SolutionProperties) = preSolution
		HideSolutionNode = FALSE
	EndGlobalSection
EndGlobal
